
Microsoft Visual Studio Solution File, Format Version 12.00
# Visual Studio Version 17
VisualStudioVersion = 17.6.33927.249
MinimumVisualStudioVersion = 10.0.40219.1
Project("{2150E333-8FDC-42A3-9474-1A3956D46DE8}") = "02-Service", "02-Service", "{51613202-E6D5-4C28-8880-F0245EF512CE}"
EndProject
Project("{2150E333-8FDC-42A3-9474-1A3956D46DE8}") = "01-Application", "01-Application", "{A3B16F16-E7DD-43F3-AF6F-162778952E8A}"
EndProject
Project("{2150E333-8FDC-42A3-9474-1A3956D46DE8}") = "03-Repository", "03-Repository", "{E5019DF2-AB8C-4433-BED3-E76F834606FF}"
EndProject
Project("{2150E333-8FDC-42A3-9474-1A3956D46DE8}") = "04-Persistent", "04-Persistent", "{32DD744A-F26D-438A-A90F-81406438DE76}"
EndProject
Project("{2150E333-8FDC-42A3-9474-1A3956D46DE8}") = "05-Contracts", "05-Contracts", "{6E953388-C086-4231-AF3F-14BD699A9AFD}"
EndProject
Project("{2150E333-8FDC-42A3-9474-1A3956D46DE8}") = "06-Infra", "06-Infra", "{58233B08-824E-43DB-8C25-E8D18F7BEC92}"
EndProject
Project("{9A19103F-16F7-4668-BE54-9A1E7A4F7556}") = "BetterCoding.Strapi.SDK.Core", "BetterCoding.Strapi.SDK.Core\BetterCoding.Strapi.SDK.Core.csproj", "{92769B19-5391-41A0-AC2B-A6192B9E197A}"
EndProject
Project("{2150E333-8FDC-42A3-9474-1A3956D46DE8}") = "Tests", "Tests", "{7E160944-55FF-4E75-AC3A-226A9F4AC969}"
EndProject
Project("{9A19103F-16F7-4668-BE54-9A1E7A4F7556}") = "BetterCoding.Strapi.SDK.Core.Tests", "Tests\BetterCoding.Strapi.SDK.Core.Tests\BetterCoding.Strapi.SDK.Core.Tests.csproj", "{0B98CFAA-0927-417B-84A2-6F6C1B0CB237}"
EndProject
Project("{FAE04EC0-301F-11D3-BF4B-00C04F79EFBC}") = "Todo.Proxy.API", "Todo.Proxy.API\Todo.Proxy.API.csproj", "{E0EB1148-9B96-4D36-AB20-5A2A0F2E75B6}"
EndProject
Project("{FAE04EC0-301F-11D3-BF4B-00C04F79EFBC}") = "Todo.Proxy.Contracts", "Todo.Proxy.Contracts\Todo.Proxy.Contracts.csproj", "{7568B3F5-26FD-47FE-9BC3-EB306BDFC204}"
EndProject
Project("{FAE04EC0-301F-11D3-BF4B-00C04F79EFBC}") = "Todo.Proxy.Repository", "Todo.Proxy.Repository\Todo.Proxy.Repository.csproj", "{063D1062-36AE-4281-8283-504520EE555F}"
EndProject
Global
	GlobalSection(SolutionConfigurationPlatforms) = preSolution
		Debug|Any CPU = Debug|Any CPU
		Release|Any CPU = Release|Any CPU
	EndGlobalSection
	GlobalSection(ProjectConfigurationPlatforms) = postSolution
		{92769B19-5391-41A0-AC2B-A6192B9E197A}.Debug|Any CPU.ActiveCfg = Debug|Any CPU
		{92769B19-5391-41A0-AC2B-A6192B9E197A}.Debug|Any CPU.Build.0 = Debug|Any CPU
		{92769B19-5391-41A0-AC2B-A6192B9E197A}.Release|Any CPU.ActiveCfg = Release|Any CPU
		{92769B19-5391-41A0-AC2B-A6192B9E197A}.Release|Any CPU.Build.0 = Release|Any CPU
		{0B98CFAA-0927-417B-84A2-6F6C1B0CB237}.Debug|Any CPU.ActiveCfg = Debug|Any CPU
		{0B98CFAA-0927-417B-84A2-6F6C1B0CB237}.Debug|Any CPU.Build.0 = Debug|Any CPU
		{0B98CFAA-0927-417B-84A2-6F6C1B0CB237}.Release|Any CPU.ActiveCfg = Release|Any CPU
		{0B98CFAA-0927-417B-84A2-6F6C1B0CB237}.Release|Any CPU.Build.0 = Release|Any CPU
		{E0EB1148-9B96-4D36-AB20-5A2A0F2E75B6}.Debug|Any CPU.ActiveCfg = Debug|Any CPU
		{E0EB1148-9B96-4D36-AB20-5A2A0F2E75B6}.Debug|Any CPU.Build.0 = Debug|Any CPU
		{E0EB1148-9B96-4D36-AB20-5A2A0F2E75B6}.Release|Any CPU.ActiveCfg = Release|Any CPU
		{E0EB1148-9B96-4D36-AB20-5A2A0F2E75B6}.Release|Any CPU.Build.0 = Release|Any CPU
		{7568B3F5-26FD-47FE-9BC3-EB306BDFC204}.Debug|Any CPU.ActiveCfg = Debug|Any CPU
		{7568B3F5-26FD-47FE-9BC3-EB306BDFC204}.Debug|Any CPU.Build.0 = Debug|Any CPU
		{7568B3F5-26FD-47FE-9BC3-EB306BDFC204}.Release|Any CPU.ActiveCfg = Release|Any CPU
		{7568B3F5-26FD-47FE-9BC3-EB306BDFC204}.Release|Any CPU.Build.0 = Release|Any CPU
		{063D1062-36AE-4281-8283-504520EE555F}.Debug|Any CPU.ActiveCfg = Debug|Any CPU
		{063D1062-36AE-4281-8283-504520EE555F}.Debug|Any CPU.Build.0 = Debug|Any CPU
		{063D1062-36AE-4281-8283-504520EE555F}.Release|Any CPU.ActiveCfg = Release|Any CPU
		{063D1062-36AE-4281-8283-504520EE555F}.Release|Any CPU.Build.0 = Release|Any CPU
	EndGlobalSection
	GlobalSection(SolutionProperties) = preSolution
		HideSolutionNode = FALSE
	EndGlobalSection
	GlobalSection(NestedProjects) = preSolution
		{92769B19-5391-41A0-AC2B-A6192B9E197A} = {58233B08-824E-43DB-8C25-E8D18F7BEC92}
		{7E160944-55FF-4E75-AC3A-226A9F4AC969} = {58233B08-824E-43DB-8C25-E8D18F7BEC92}
		{0B98CFAA-0927-417B-84A2-6F6C1B0CB237} = {7E160944-55FF-4E75-AC3A-226A9F4AC969}
		{E0EB1148-9B96-4D36-AB20-5A2A0F2E75B6} = {A3B16F16-E7DD-43F3-AF6F-162778952E8A}
		{7568B3F5-26FD-47FE-9BC3-EB306BDFC204} = {6E953388-C086-4231-AF3F-14BD699A9AFD}
		{063D1062-36AE-4281-8283-504520EE555F} = {E5019DF2-AB8C-4433-BED3-E76F834606FF}
	EndGlobalSection
	GlobalSection(ExtensibilityGlobals) = postSolution
		SolutionGuid = {C875BA99-593A-4807-A505-9DFFBE0EDFAA}
	EndGlobalSection
EndGlobal
